<?xml version="1.0" encoding="utf-8"?>
<Project ToolsVersion="4.0" xmlns="http://schemas.microsoft.com/developer/msbuild/2003">
  <ItemGroup>
    <Filter Include="Source Files">
      <UniqueIdentifier>{4FC737F1-C7A5-4376-A066-2A32D752A2FF}</UniqueIdentifier>
      <Extensions>cpp;c;cc;cxx;c++;cppm;ixx;def;odl;idl;hpj;bat;asm;asmx</Extensions>
    </Filter>
    <Filter Include="Header Files">
      <UniqueIdentifier>{93995380-89BD-4b04-88EB-625FBE52EBFB}</UniqueIdentifier>
      <Extensions>h;hh;hpp;hxx;h++;hm;inl;inc;ipp;xsd</Extensions>
    </Filter>
    <Filter Include="Resource Files">
      <UniqueIdentifier>{67DA6AB6-F800-4c08-8B7A-83BB121AAD01}</UniqueIdentifier>
      <Extensions>rc;ico;cur;bmp;dlg;rc2;rct;bin;rgs;gif;jpg;jpeg;jpe;resx;tiff;tif;png;wav;mfcribbon-ms</Extensions>
    </Filter>
    <Filter Include="Source Files\ImGui">
      <UniqueIdentifier>{2039d83d-6935-4365-9e7d-a593fd678b86}</UniqueIdentifier>
    </Filter>
    <Filter Include="Source Files\Maths">
      <UniqueIdentifier>{990adae8-cf2f-49b0-af38-9be1ab640c5b}</UniqueIdentifier>
    </Filter>
    <Filter Include="Header Files\Maths">
      <UniqueIdentifier>{361ced0e-9ffd-4826-93e2-b9ae51af0cc3}</UniqueIdentifier>
    </Filter>
    <Filter Include="Header Files\GUI">
      <UniqueIdentifier>{c4ba22bb-499e-452f-bbbc-4ebbce05df3f}</UniqueIdentifier>
    </Filter>
    <Filter Include="Source Files\GUI">
      <UniqueIdentifier>{f2303aca-b8a4-4014-ac0b-32bfc2ac7ab7}</UniqueIdentifier>
    </Filter>
  </ItemGroup>
  <ItemGroup>
    <ClCompile Include="src\main.cpp">
      <Filter>Source Files</Filter>
    </ClCompile>
    <ClCompile Include="externals\include\maths\Point2.cpp">
      <Filter>Source Files\Maths</Filter>
    </ClCompile>
    <ClCompile Include="externals\include\maths\Vector2.cpp">
      <Filter>Source Files\Maths</Filter>
    </ClCompile>
    <ClCompile Include="src\game\playfield.cpp">
      <Filter>Source Files</Filter>
    </ClCompile>
    <ClCompile Include="src\game\globals.cpp">
      <Filter>Source Files</Filter>
    </ClCompile>
    <ClCompile Include="src\game\entity.cpp">
      <Filter>Source Files</Filter>
    </ClCompile>
    <ClCompile Include="src\pathfinding\a_star.cpp">
      <Filter>Source Files</Filter>
    </ClCompile>
    <ClCompile Include="src\rle.cpp">
      <Filter>Source Files</Filter>
    </ClCompile>
    <ClCompile Include="src\editor\level_editor.cpp">
      <Filter>Source Files\GUI</Filter>
    </ClCompile>
    <ClCompile Include="src\game\entities\tower.cpp">
      <Filter>Source Files</Filter>
    </ClCompile>
    <ClCompile Include="src\game\entities\projectile.cpp">
      <Filter>Source Files</Filter>
    </ClCompile>
    <ClCompile Include="src\game\entities\enemy.cpp">
      <Filter>Source Files</Filter>
    </ClCompile>
    <ClCompile Include="src\ui\tower_bar_ui.cpp">
      <Filter>Source Files</Filter>
    </ClCompile>
    <ClCompile Include="src\ui\gui.cpp">
      <Filter>Source Files</Filter>
    </ClCompile>
    <ClCompile Include="src\imgui_utils.cpp">
      <Filter>Source Files</Filter>
    </ClCompile>
    <ClCompile Include="src\game\game.cpp">
      <Filter>Source Files</Filter>
    </ClCompile>
    <ClCompile Include="src\game\player.cpp">
      <Filter>Source Files</Filter>
    </ClCompile>
    <ClCompile Include="src\game\round.cpp">
      <Filter>Source Files</Filter>
    </ClCompile>
    <ClCompile Include="src\game\resources.cpp">
      <Filter>Source Files</Filter>
    </ClCompile>
    <ClCompile Include="src\editor\round_editor.cpp">
      <Filter>Source Files</Filter>
    </ClCompile>
    <ClCompile Include="src\stb_image.cpp">
      <Filter>Source Files</Filter>
    </ClCompile>
    <ClCompile Include="src\ui\hud.cpp">
      <Filter>Source Files</Filter>
    </ClCompile>
    <ClCompile Include="src\game\entities\enemies\ant_enemy.cpp">
      <Filter>Source Files</Filter>
    </ClCompile>
    <ClCompile Include="src\game\entities\enemies\gold_scarab_enemy.cpp">
      <Filter>Source Files</Filter>
    </ClCompile>
    <ClCompile Include="src\game\entities\enemies\ladybug_enemy.cpp">
      <Filter>Source Files</Filter>
    </ClCompile>
    <ClCompile Include="src\game\entities\enemies\mite_enemy.cpp">
      <Filter>Source Files</Filter>
    </ClCompile>
    <ClCompile Include="src\game\entities\enemies\red_ant_enemy.cpp">
      <Filter>Source Files</Filter>
    </ClCompile>
    <ClCompile Include="src\game\entities\towers\cannon_tower.cpp">
      <Filter>Source Files</Filter>
    </ClCompile>
    <ClCompile Include="src\game\entities\projectiles\cannon_ball_projectile.cpp">
      <Filter>Source Files</Filter>
    </ClCompile>
    <ClCompile Include="src\game\entities\towers\beehive_tower.cpp">
      <Filter>Source Files</Filter>
    </ClCompile>
    <ClCompile Include="src\game\entities\projectiles\bee_projectile.cpp">
      <Filter>Source Files</Filter>
    </ClCompile>
    <ClCompile Include="externals\include\ImGui\imgui.cpp">
      <Filter>Source Files</Filter>
    </ClCompile>
    <ClCompile Include="externals\include\ImGui\imgui_demo.cpp">
      <Filter>Source Files</Filter>
    </ClCompile>
    <ClCompile Include="externals\include\ImGui\imgui_draw.cpp">
      <Filter>Source Files</Filter>
    </ClCompile>
    <ClCompile Include="externals\include\ImGui\imgui_impl_glfw.cpp">
      <Filter>Source Files</Filter>
    </ClCompile>
    <ClCompile Include="externals\include\ImGui\imgui_impl_opengl3.cpp">
      <Filter>Source Files</Filter>
    </ClCompile>
    <ClCompile Include="externals\include\ImGui\imgui_tables.cpp">
      <Filter>Source Files</Filter>
    </ClCompile>
    <ClCompile Include="externals\include\ImGui\imgui_widgets.cpp">
      <Filter>Source Files</Filter>
    </ClCompile>
    <ClCompile Include="src\game\particle_emitter.cpp">
      <Filter>Source Files</Filter>
    </ClCompile>
    <ClCompile Include="src\network\client_interface.cpp">
      <Filter>Source Files</Filter>
    </ClCompile>
    <ClCompile Include="src\network\server_interface.cpp">
      <Filter>Source Files</Filter>
    </ClCompile>
    <ClCompile Include="src\network\chat_console.cpp">
      <Filter>Source Files</Filter>
    </ClCompile>
    <ClCompile Include="src\network\network_interface.cpp">
      <Filter>Source Files</Filter>
    </ClCompile>
    <ClCompile Include="src\game\entities\projectiles\bee_projectile_dart.cpp">
      <Filter>Source Files</Filter>
    </ClCompile>
    <ClCompile Include="src\game\entities\projectiles\cannon_cluster_projectile.cpp">
      <Filter>Source Files</Filter>
    </ClCompile>
    <ClCompile Include="src\game\entities\enemies\ant_colony_enemy.cpp">
      <Filter>Source Files</Filter>
    </ClCompile>
    <ClCompile Include="src\game\entities\towers\minigun_tower.cpp">
      <Filter>Source Files</Filter>
    </ClCompile>
  </ItemGroup>
  <ItemGroup>
    <ClInclude Include="externals\include\maths\Point2.h">
      <Filter>Header Files\Maths</Filter>
    </ClInclude>
    <ClInclude Include="externals\include\maths\Vector2.h">
      <Filter>Header Files\Maths</Filter>
    </ClInclude>
    <ClInclude Include="include\game\playfield.hpp">
      <Filter>Header Files</Filter>
    </ClInclude>
    <ClInclude Include="include\game\globals.hpp">
      <Filter>Header Files</Filter>
    </ClInclude>
    <ClInclude Include="include\game\entity.hpp">
      <Filter>Header Files</Filter>
    </ClInclude>
    <ClInclude Include="include\pathfinding\a_star.hpp">
      <Filter>Header Files</Filter>
    </ClInclude>
    <ClInclude Include="include\rle.hpp">
      <Filter>Header Files</Filter>
    </ClInclude>
    <ClInclude Include="include\editor\level_editor.hpp">
      <Filter>Header Files\GUI</Filter>
    </ClInclude>
    <ClInclude Include="include\game\entities\projectile.hpp">
      <Filter>Header Files</Filter>
    </ClInclude>
    <ClInclude Include="include\game\entities\enemy.hpp">
      <Filter>Header Files</Filter>
    </ClInclude>
    <ClInclude Include="include\game\entities\tower.hpp">
      <Filter>Header Files</Filter>
    </ClInclude>
    <ClInclude Include="include\ui\tower_bar_ui.hpp">
      <Filter>Header Files</Filter>
    </ClInclude>
    <ClInclude Include="include\imgui_utils.hpp">
      <Filter>Header Files</Filter>
    </ClInclude>
    <ClInclude Include="include\ui\gui.hpp">
      <Filter>Header Files</Filter>
    </ClInclude>
    <ClInclude Include="externals\include\stb_image.h">
      <Filter>Header Files</Filter>
    </ClInclude>
    <ClInclude Include="externals\include\discordRPC\discord_register.h">
      <Filter>Header Files</Filter>
    </ClInclude>
    <ClInclude Include="externals\include\discordRPC\discord_rpc.h">
      <Filter>Header Files</Filter>
    </ClInclude>
    <ClInclude Include="include\game\game.hpp">
      <Filter>Header Files</Filter>
    </ClInclude>
    <ClInclude Include="include\game\player.hpp">
      <Filter>Header Files</Filter>
    </ClInclude>
    <ClInclude Include="include\game\round.hpp">
      <Filter>Header Files</Filter>
    </ClInclude>
    <ClInclude Include="include\game\resources.hpp">
      <Filter>Header Files</Filter>
    </ClInclude>
    <ClInclude Include="include\editor\round_editor.hpp">
      <Filter>Header Files</Filter>
    </ClInclude>
    <ClInclude Include="include\pathfinding\path.hpp">
      <Filter>Header Files</Filter>
    </ClInclude>
    <ClInclude Include="include\ui\hud.hpp">
      <Filter>Header Files</Filter>
    </ClInclude>
    <ClInclude Include="include\game\entities\enemies\ant_enemy.hpp">
      <Filter>Header Files</Filter>
    </ClInclude>
    <ClInclude Include="include\game\entities\enemies\gold_scarab_enemy.hpp">
      <Filter>Header Files</Filter>
    </ClInclude>
    <ClInclude Include="include\game\entities\enemies\ladybug_enemy.hpp">
      <Filter>Header Files</Filter>
    </ClInclude>
    <ClInclude Include="include\game\entities\enemies\mite_enemy.hpp">
      <Filter>Header Files</Filter>
    </ClInclude>
    <ClInclude Include="include\game\entities\enemies\red_ant_enemy.hpp">
      <Filter>Header Files</Filter>
    </ClInclude>
    <ClInclude Include="include\game\entities\towers\cannon_tower.hpp">
      <Filter>Header Files</Filter>
    </ClInclude>
    <ClInclude Include="include\game\entities\projectiles\cannon_ball_projectile.hpp">
      <Filter>Header Files</Filter>
    </ClInclude>
    <ClInclude Include="include\game\entities\projectiles\bee_projectile.hpp">
      <Filter>Header Files</Filter>
    </ClInclude>
    <ClInclude Include="externals\include\ImGui\imconfig.h">
      <Filter>Header Files</Filter>
    </ClInclude>
    <ClInclude Include="externals\include\ImGui\imgui.h">
      <Filter>Header Files</Filter>
    </ClInclude>
    <ClInclude Include="externals\include\ImGui\imgui_impl_glfw.h">
      <Filter>Header Files</Filter>
    </ClInclude>
    <ClInclude Include="externals\include\ImGui\imgui_impl_opengl3.h">
      <Filter>Header Files</Filter>
    </ClInclude>
    <ClInclude Include="externals\include\ImGui\imgui_impl_opengl3_loader.h">
      <Filter>Header Files</Filter>
    </ClInclude>
    <ClInclude Include="externals\include\ImGui\imgui_internal.h">
      <Filter>Header Files</Filter>
    </ClInclude>
    <ClInclude Include="externals\include\ImGui\imstb_rectpack.h">
      <Filter>Header Files</Filter>
    </ClInclude>
    <ClInclude Include="externals\include\ImGui\imstb_textedit.h">
      <Filter>Header Files</Filter>
    </ClInclude>
    <ClInclude Include="externals\include\ImGui\imstb_truetype.h">
      <Filter>Header Files</Filter>
    </ClInclude>
    <ClInclude Include="include\game\particle_emitter.hpp">
      <Filter>Header Files</Filter>
    </ClInclude>
    <ClInclude Include="include\network\client_interface.hpp">
      <Filter>Header Files</Filter>
    </ClInclude>
    <ClInclude Include="include\network\commands.hpp">
      <Filter>Header Files</Filter>
    </ClInclude>
    <ClInclude Include="include\network\server_interface.hpp">
      <Filter>Header Files</Filter>
    </ClInclude>
    <ClInclude Include="include\network\chat_console.hpp">
      <Filter>Header Files</Filter>
    </ClInclude>
    <ClInclude Include="include\network\network_interface.hpp">
      <Filter>Header Files</Filter>
    </ClInclude>
    <ClInclude Include="include\game\entities\projectiles\bee_projectile_dart.hpp">
      <Filter>Header Files</Filter>
    </ClInclude>
    <ClInclude Include="include\game\entities\towers\beehive_tower.hpp">
      <Filter>Header Files</Filter>
    </ClInclude>
    <ClInclude Include="include\game\entities\projectiles\cannon_cluster_projectile.hpp">
      <Filter>Header Files</Filter>
    </ClInclude>
    <ClInclude Include="include\ui\scene.hpp">
      <Filter>Header Files</Filter>
    </ClInclude>
    <ClInclude Include="include\game\entities\enemies\ant_colony_enemy.hpp">
      <Filter>Header Files</Filter>
    </ClInclude>
    <ClInclude Include="include\game\entities\towers\minigun_tower.hpp">
      <Filter>Header Files</Filter>
    </ClInclude>
  </ItemGroup>
</Project>